PODS:
  - Operations/+CloudKit (3.3.1):
    - Operations/Standard
  - Operations/Standard (3.3.1)

DEPENDENCIES:
  - Operations/+CloudKit (from `https://github.com/ProcedureKit/ProcedureKit.git`, branch `swift/2.3`)

EXTERNAL SOURCES:
  Operations:
    :branch: swift/2.3
    :git: https://github.com/ProcedureKit/ProcedureKit.git

CHECKOUT OPTIONS:
  Operations:
    :commit: e79d22bc32e2e4faad6cdcde31c71187357b1154
    :git: https://github.com/ProcedureKit/ProcedureKit.git

SPEC CHECKSUMS:
  Operations: 6a33d325dae88de21b8edc69b9884fce01aea22b

PODFILE CHECKSUM: b51feaba3dae82253573eb361cb8202564d2c734

COCOAPODS: 1.0.1
